
Microsoft Visual Studio Solution File, Format Version 12.00
# Visual Studio Version 17
VisualStudioVersion = 17.7.34202.233
MinimumVisualStudioVersion = 10.0.40219.1
Project("{888888A0-9F3D-457C-B088-3A5042F75D52}") = "MicroRTS_PY", "MicroRTS_PY\MicroRTS_PY.pyproj", "{F39CD2D7-EEBB-4D49-B0CC-4137210C5876}"
EndProject
Global
	GlobalSection(SolutionConfigurationPlatforms) = preSolution
		Debug|Any CPU = Debug|Any CPU
		Release|Any CPU = Release|Any CPU
	EndGlobalSection
	GlobalSection(ProjectConfigurationPlatforms) = postSolution
		{F39CD2D7-EEBB-4D49-B0CC-4137210C5876}.Debug|Any CPU.ActiveCfg = Debug|Any CPU
		{F39CD2D7-EEBB-4D49-B0CC-4137210C5876}.Release|Any CPU.ActiveCfg = Release|Any CPU
	EndGlobalSection
	GlobalSection(SolutionProperties) = preSolution
		HideSolutionNode = FALSE
	EndGlobalSection
	GlobalSection(ExtensibilityGlobals) = postSolution
		SolutionGuid = {30D28586-2EE9-441E-9F6A-38FD9E5AC840}
	EndGlobalSection
EndGlobal
